{
    "_meta": {
        "hash": {
            "sha256": "8bbf1b5aa4fd611102c405c1a9dd13ef70f7b63513f76e4a8fc8c87c3c69117b"
        },
        "host-environment-markers": {
            "implementation_name": "cpython",
            "implementation_version": "3.6.1",
            "os_name": "posix",
            "platform_machine": "x86_64",
            "platform_python_implementation": "CPython",
            "platform_release": "17.2.0",
            "platform_system": "Darwin",
            "platform_version": "Darwin Kernel Version 17.2.0: Fri Sep 29 18:27:05 PDT 2017; root:xnu-4570.20.62~3/RELEASE_X86_64",
            "python_full_version": "3.6.1",
            "python_version": "3.6",
            "sys_platform": "darwin"
        },
        "pipfile-spec": 6,
        "requires": {
            "python_version": "3.6"
        },
        "sources": [
            {
                "name": "pypi",
                "url": "https://pypi.python.org/simple",
                "verify_ssl": true
            }
        ]
    },
    "default": {
        "autoroutes": {
            "hashes": [
                "sha256:a6017df16502c2c01fca1074bf457ac92e0209e0f42661cb37d493f56857fcf2"
            ],
            "version": "==0.2.0"
        },
        "httptools": {
            "hashes": [
                "sha256:f47f9870f19e3488e8def0898c46f87d36e5d59e90eb77d01453a6747cdab9f8"
            ],
            "version": "==0.0.9"
        },
        "uvloop": {
            "hashes": [
                "sha256:c29d8203fff2eb2d5e5b6d6a9bba008c39bd425117cc460914b58b0326d660d9",
                "sha256:fd5ce82603a328c8029d10faf58714e8377ecd313f6e1244f128a89cecbcc532",
                "sha256:04ab8d1ff18ebc8fd649742299557c1de1656c27e2b6e291c42443e4479d0878",
                "sha256:6b21fb185a9ed9e9dd60694585e6cc88a5d510779eacc37ce6d10821cdc3f68b",
                "sha256:a08921f636665295d62a233422895cb2c402264f1448f9d548ad9f0e0aed817e",
                "sha256:743054284de305d292076496ed3b7fd3b353fba5fe7ff8294774a5bc0cc933e9",
                "sha256:923b6e4982aea14a23565e6e62335a691b7a939bcc6802fbafa2a146ee3e8ac3"
            ],
            "version": "==0.8.1"
        }
    },
    "develop": {
        "0npbf8ux": {
            "editable": true,
            "path": "."
        },
        "click": {
            "hashes": [
                "sha256:29f99fc6125fbc931b758dc053b3114e55c77a6e4c6c3a2674a2dc986016381d",
                "sha256:f15516df478d5a56180fbf80e68f206010e6d160fc39fa508b65e035fd75130b"
            ],
            "version": "==6.7"
        },
        "jinja2": {
            "hashes": [
                "sha256:74c935a1b8bb9a3947c50a54766a969d4846290e1e788ea44c1392163723c3bd",
                "sha256:f84be1bb0040caca4cea721fcbbbbd61f9be9464ca236387158b0feea01914a4"
            ],
            "version": "==2.10"
        },
        "livereload": {
            "hashes": [
                "sha256:5ed6506f5d526ee712da9f3739c27714e6f3376f3e481728d298efceae0ec83a",
                "sha256:422de10d7ea9467a1ba27cbaffa84c74b809d96fb1598d9de4b9b676adf35e2c"
            ],
            "version": "==2.5.1"
        },
        "markdown": {
            "hashes": [
                "sha256:73af797238b95768b3a9b6fe6270e250e5c09d988b8e5b223fd5efa4e06faf81"
            ],
            "version": "==2.6.9"
        },
        "markupsafe": {
            "hashes": [
                "sha256:a6be69091dac236ea9c6bc7d012beab42010fa914c459791d627dad4910eb665"
            ],
            "version": "==1.0"
        },
        "mimetype-match": {
            "hashes": [
                "sha256:d097cc13b0ebcbfa2b335fb9516394d8f13b62e56ce1a88c8f855772b27afc89"
            ],
            "version": "==1.0.4"
        },
        "mkdocs": {
            "hashes": [
                "sha256:005b87441084aacd67ada15843c4ed2746bf324103a5bd94c02d36d9b307310f",
                "sha256:ac0ac5313dbbf0973ac254b9697f2ab6935cf31bc7fd76432875db166d03367d"
            ],
            "version": "==0.16.3"
        },
        "py": {
            "hashes": [
                "sha256:8cca5c229d225f8c1e3085be4fcf306090b00850fefad892f9d96c7b6e2f310f",
                "sha256:ca18943e28235417756316bfada6cd96b23ce60dd532642690dcfdaba988a76d"
            ],
            "version": "==1.5.2"
        },
        "pytest": {
            "hashes": [
                "sha256:41e618f317957505ae2e81935733d8304d84170f7e21dfb15184d6fa8d7a5230",
                "sha256:795ec29fbba70b22a593691ce8bcd4bdde2dc96e8099731f73c7d8bb3ce879bf"
            ],
            "version": "==3.1.2"
        },
        "pytest-asyncio": {
            "hashes": [
                "sha256:f0aba2256dab4e7d8adfcba329937a227709b303a9a55d2ff94b0658f685255d",
                "sha256:e5c6786ece4b3bbb0cca1bf68bf089756a62760e3764dc84eaee39bfab70289b"
            ],
            "version": "==0.6.0"
        },
        "pyyaml": {
            "hashes": [
                "sha256:3262c96a1ca437e7e4763e2843746588a965426550f3797a79fca9c6199c431f",
                "sha256:16b20e970597e051997d90dc2cddc713a2876c47e3d92d59ee198700c5427736",
                "sha256:e863072cdf4c72eebf179342c94e6989c67185842d9997960b3e69290b2fa269",
                "sha256:bc6bced57f826ca7cb5125a10b23fd0f2fff3b7c4701d64c439a300ce665fff8",
                "sha256:c01b880ec30b5a6e6aa67b09a2fe3fb30473008c85cd6a67359a1b15ed6d83a4",
                "sha256:827dc04b8fa7d07c44de11fabbc888e627fa8293b695e0f99cb544fdfa1bf0d1",
                "sha256:592766c6303207a20efc445587778322d7f73b161bd994f227adaa341ba212ab",
                "sha256:5f84523c076ad14ff5e6c037fe1c89a7f73a3e04cf0377cb4d017014976433f3",
                "sha256:0c507b7f74b3d2dd4d1322ec8a94794927305ab4cebbe89cc47fe5e81541e6e8",
                "sha256:b4c423ab23291d3945ac61346feeb9a0dc4184999ede5e7c43e1ffb975130ae6",
                "sha256:ca233c64c6e40eaa6c66ef97058cdc80e8d0157a443655baa1b2966e812807ca",
                "sha256:4474f8ea030b5127225b8894d626bb66c01cda098d47a2b0d3429b6700af9fd8",
                "sha256:326420cbb492172dec84b0f65c80942de6cedb5233c413dd824483989c000608",
                "sha256:5ac82e411044fb129bae5cfbeb3ba626acb2af31a8d17d175004b70862a741a7"
            ],
            "version": "==3.12"
        },
        "six": {
            "hashes": [
                "sha256:832dc0e10feb1aa2c68dcc57dbb658f1c7e65b9b61af69048abc87a2db00a0eb",
                "sha256:70e8a77beed4562e7f14fe23a786b54f6296e34344c23bc42f07b15018ff98e9"
            ],
            "version": "==1.11.0"
        },
        "tornado": {
            "hashes": [
                "sha256:62a5d4c66bf4e86d25a02e9de97293860b59e61f9c465e80336ba0fc308aacf6",
                "sha256:f109c066411c44bcd3bc877267b45feb8e29092ede59dd0582739444c2344b00",
                "sha256:e66f47db4753c6f6849af1f82f04bdc7d2c1f5d64b7cc11ddd17230295c8887f",
                "sha256:2b40720a7b164848ca5c51fab0feac7e3717adcb87bec77f81f7809b72bf7f56",
                "sha256:1fb8e494cd46c674d86fac5885a3ff87b0e283937a47d74eb3c02a48c9e89ad0"
            ],
            "version": "==4.5.2"
        }
    }
}
